<?xml version="1.0" encoding="utf-8"?>
<Project ToolsVersion="4.0" xmlns="http://schemas.microsoft.com/developer/msbuild/2003">
  <ItemGroup>
    <Filter Include="Source Files">
      <UniqueIdentifier>{4FC737F1-C7A5-4376-A066-2A32D752A2FF}</UniqueIdentifier>
      <Extensions>cpp;c;cc;cxx;def;odl;idl;hpj;bat;asm;asmx</Extensions>
    </Filter>
    <Filter Include="Header Files">
      <UniqueIdentifier>{93995380-89BD-4b04-88EB-625FBE52EBFB}</UniqueIdentifier>
      <Extensions>h;hh;hpp;hxx;hm;inl;inc;xsd</Extensions>
    </Filter>
    <Filter Include="Resource Files">
      <UniqueIdentifier>{67DA6AB6-F800-4c08-8B7A-83BB121AAD01}</UniqueIdentifier>
      <Extensions>rc;ico;cur;bmp;dlg;rc2;rct;bin;rgs;gif;jpg;jpeg;jpe;resx;tiff;tif;png;wav</Extensions>
    </Filter>
  </ItemGroup>
  <ItemGroup>
    <ClCompile Include="core\source\main.cpp">
      <Filter>Source Files</Filter>
    </ClCompile>
    <ClCompile Include="core\source\game\object\rotateTransform.cpp">
      <Filter>Source Files</Filter>
    </ClCompile>
    <ClCompile Include="core\source\system\module.cpp">
      <Filter>Source Files</Filter>
    </ClCompile>
    <ClCompile Include="core\source\system\engine\engine.cpp">
      <Filter>Source Files</Filter>
    </ClCompile>
    <ClCompile Include="core\source\system\engine\options.cpp">
      <Filter>Source Files</Filter>
    </ClCompile>
    <ClCompile Include="core\source\system\engine\scene.cpp">
      <Filter>Source Files</Filter>
    </ClCompile>
    <ClCompile Include="core\source\system\engine\engineobjects\camera.cpp">
      <Filter>Source Files</Filter>
    </ClCompile>
    <ClCompile Include="core\source\system\engine\engineobjects\component.cpp">
      <Filter>Source Files</Filter>
    </ClCompile>
    <ClCompile Include="core\source\system\engine\engineobjects\customShaderTransform.cpp">
      <Filter>Source Files</Filter>
    </ClCompile>
    <ClCompile Include="core\source\system\engine\engineobjects\fpsCamera.cpp">
      <Filter>Source Files</Filter>
    </ClCompile>
    <ClCompile Include="core\source\system\engine\engineobjects\InstancedTransform.cpp">
      <Filter>Source Files</Filter>
    </ClCompile>
    <ClCompile Include="core\source\system\engine\engineobjects\object.cpp">
      <Filter>Source Files</Filter>
    </ClCompile>
    <ClCompile Include="core\source\system\engine\engineobjects\orbitalCamera.cpp">
      <Filter>Source Files</Filter>
    </ClCompile>
    <ClCompile Include="core\source\system\engine\engineobjects\particleSystem.cpp">
      <Filter>Source Files</Filter>
    </ClCompile>
    <ClCompile Include="core\source\system\engine\engineobjects\transform.cpp">
      <Filter>Source Files</Filter>
    </ClCompile>
    <ClCompile Include="core\source\system\graphics\defferedRenderModule.cpp">
      <Filter>Source Files</Filter>
    </ClCompile>
    <ClCompile Include="core\source\system\graphics\renderModule.cpp">
      <Filter>Source Files</Filter>
    </ClCompile>
    <ClCompile Include="core\source\system\graphics\geometry\geometry.cpp">
      <Filter>Source Files</Filter>
    </ClCompile>
    <ClCompile Include="core\source\system\graphics\geometry\geometryLib.cpp">
      <Filter>Source Files</Filter>
    </ClCompile>
    <ClCompile Include="core\source\system\graphics\geometry\materialLib.cpp">
      <Filter>Source Files</Filter>
    </ClCompile>
    <ClCompile Include="core\source\system\graphics\geometry\matrixBufferer.cpp">
      <Filter>Source Files</Filter>
    </ClCompile>
    <ClCompile Include="core\source\system\graphics\resources\buffer.cpp">
      <Filter>Source Files</Filter>
    </ClCompile>
    <ClCompile Include="core\source\system\graphics\resources\fbo.cpp">
      <Filter>Source Files</Filter>
    </ClCompile>
    <ClCompile Include="core\source\system\graphics\resources\postProcces.cpp">
      <Filter>Source Files</Filter>
    </ClCompile>
    <ClCompile Include="core\source\system\graphics\resources\texture.cpp">
      <Filter>Source Files</Filter>
    </ClCompile>
    <ClCompile Include="core\source\system\graphics\shaders\shaderManager.cpp">
      <Filter>Source Files</Filter>
    </ClCompile>
    <ClCompile Include="core\source\system\graphics\ui\font.cpp">
      <Filter>Source Files</Filter>
    </ClCompile>
    <ClCompile Include="core\source\system\graphics\ui\uiRenderer.cpp">
      <Filter>Source Files</Filter>
    </ClCompile>
    <ClCompile Include="core\source\system\graphics\ui\uiText.cpp">
      <Filter>Source Files</Filter>
    </ClCompile>
    <ClCompile Include="core\source\system\input\input.cpp">
      <Filter>Source Files</Filter>
    </ClCompile>
    <ClCompile Include="core\source\system\physics\bucket.cpp">
      <Filter>Source Files</Filter>
    </ClCompile>
    <ClCompile Include="core\source\system\physics\collisionComponent.cpp">
      <Filter>Source Files</Filter>
    </ClCompile>
    <ClCompile Include="core\source\system\physics\collisionModule.cpp">
      <Filter>Source Files</Filter>
    </ClCompile>
    <ClCompile Include="core\source\system\physics\octree.cpp">
      <Filter>Source Files</Filter>
    </ClCompile>
    <ClCompile Include="core\source\system\physics\colliders\AABB.cpp">
      <Filter>Source Files</Filter>
    </ClCompile>
    <ClCompile Include="core\source\system\physics\colliders\collider.cpp">
      <Filter>Source Files</Filter>
    </ClCompile>
    <ClCompile Include="core\source\system\window\window.cpp">
      <Filter>Source Files</Filter>
    </ClCompile>
    <ClCompile Include="core\source\util\ease.cpp">
      <Filter>Source Files</Filter>
    </ClCompile>
    <ClCompile Include="core\source\util\loadingUtils.cpp">
      <Filter>Source Files</Filter>
    </ClCompile>
    <ClCompile Include="core\source\util\platformUtils.cpp">
      <Filter>Source Files</Filter>
    </ClCompile>
  </ItemGroup>
  <ItemGroup>
    <ClInclude Include="core\headers\game\object\rotateTransform.h">
      <Filter>Header Files</Filter>
    </ClInclude>
    <ClInclude Include="core\headers\math\matrix.h">
      <Filter>Header Files</Filter>
    </ClInclude>
    <ClInclude Include="core\headers\math\vec2.h">
      <Filter>Header Files</Filter>
    </ClInclude>
    <ClInclude Include="core\headers\math\vec3.h">
      <Filter>Header Files</Filter>
    </ClInclude>
    <ClInclude Include="core\headers\math\vec4.h">
      <Filter>Header Files</Filter>
    </ClInclude>
    <ClInclude Include="core\headers\system\module.h">
      <Filter>Header Files</Filter>
    </ClInclude>
    <ClInclude Include="core\headers\system\engine\engine.h">
      <Filter>Header Files</Filter>
    </ClInclude>
    <ClInclude Include="core\headers\system\engine\options.h">
      <Filter>Header Files</Filter>
    </ClInclude>
    <ClInclude Include="core\headers\system\engine\scene.h">
      <Filter>Header Files</Filter>
    </ClInclude>
    <ClInclude Include="core\headers\system\engine\engineobjects\camera.h">
      <Filter>Header Files</Filter>
    </ClInclude>
    <ClInclude Include="core\headers\system\engine\engineobjects\component.h">
      <Filter>Header Files</Filter>
    </ClInclude>
    <ClInclude Include="core\headers\system\engine\engineobjects\customShaderTransform.h">
      <Filter>Header Files</Filter>
    </ClInclude>
    <ClInclude Include="core\headers\system\engine\engineobjects\fpsCamera.h">
      <Filter>Header Files</Filter>
    </ClInclude>
    <ClInclude Include="core\headers\system\engine\engineobjects\InstancedTransform.h">
      <Filter>Header Files</Filter>
    </ClInclude>
    <ClInclude Include="core\headers\system\engine\engineobjects\object.h">
      <Filter>Header Files</Filter>
    </ClInclude>
    <ClInclude Include="core\headers\system\engine\engineobjects\orbitalCamera.h">
      <Filter>Header Files</Filter>
    </ClInclude>
    <ClInclude Include="core\headers\system\engine\engineobjects\particleSystem.h">
      <Filter>Header Files</Filter>
    </ClInclude>
    <ClInclude Include="core\headers\system\engine\engineobjects\textDebug.h">
      <Filter>Header Files</Filter>
    </ClInclude>
    <ClInclude Include="core\headers\system\engine\engineobjects\transform.h">
      <Filter>Header Files</Filter>
    </ClInclude>
    <ClInclude Include="core\headers\system\graphics\defferedRenderModule.h">
      <Filter>Header Files</Filter>
    </ClInclude>
    <ClInclude Include="core\headers\system\graphics\renderModule.h">
      <Filter>Header Files</Filter>
    </ClInclude>
    <ClInclude Include="core\headers\system\graphics\geometry\geometry.h">
      <Filter>Header Files</Filter>
    </ClInclude>
    <ClInclude Include="core\headers\system\graphics\geometry\geometryLib.h">
      <Filter>Header Files</Filter>
    </ClInclude>
    <ClInclude Include="core\headers\system\graphics\geometry\material.h">
      <Filter>Header Files</Filter>
    </ClInclude>
    <ClInclude Include="core\headers\system\graphics\geometry\materialLib.h">
      <Filter>Header Files</Filter>
    </ClInclude>
    <ClInclude Include="core\headers\system\graphics\geometry\matrixBufferer.h">
      <Filter>Header Files</Filter>
    </ClInclude>
    <ClInclude Include="core\headers\system\graphics\geometry\matrixBufferObject.h">
      <Filter>Header Files</Filter>
    </ClInclude>
    <ClInclude Include="core\headers\system\graphics\geometry\vertexFormat.h">
      <Filter>Header Files</Filter>
    </ClInclude>
    <ClInclude Include="core\headers\system\graphics\resources\buffer.h">
      <Filter>Header Files</Filter>
    </ClInclude>
    <ClInclude Include="core\headers\system\graphics\resources\fbo.h">
      <Filter>Header Files</Filter>
    </ClInclude>
    <ClInclude Include="core\headers\system\graphics\resources\postProcces.h">
      <Filter>Header Files</Filter>
    </ClInclude>
    <ClInclude Include="core\headers\system\graphics\resources\texture.h">
      <Filter>Header Files</Filter>
    </ClInclude>
    <ClInclude Include="core\headers\system\graphics\shaders\shaderManager.h">
      <Filter>Header Files</Filter>
    </ClInclude>
    <ClInclude Include="core\headers\system\graphics\ui\font.h">
      <Filter>Header Files</Filter>
    </ClInclude>
    <ClInclude Include="core\headers\system\graphics\ui\uiRenderer.h">
      <Filter>Header Files</Filter>
    </ClInclude>
    <ClInclude Include="core\headers\system\graphics\ui\uiText.h">
      <Filter>Header Files</Filter>
    </ClInclude>
    <ClInclude Include="core\headers\system\input\input.h">
      <Filter>Header Files</Filter>
    </ClInclude>
    <ClInclude Include="core\headers\system\physics\bucket.h">
      <Filter>Header Files</Filter>
    </ClInclude>
    <ClInclude Include="core\headers\system\physics\collisionComponent.h">
      <Filter>Header Files</Filter>
    </ClInclude>
    <ClInclude Include="core\headers\system\physics\collisionModule.h">
      <Filter>Header Files</Filter>
    </ClInclude>
    <ClInclude Include="core\headers\system\physics\octree.h">
      <Filter>Header Files</Filter>
    </ClInclude>
    <ClInclude Include="core\headers\system\physics\colliders\AABB.h">
      <Filter>Header Files</Filter>
    </ClInclude>
    <ClInclude Include="core\headers\system\physics\colliders\collider.h">
      <Filter>Header Files</Filter>
    </ClInclude>
    <ClInclude Include="core\headers\system\window\eglew.h">
      <Filter>Header Files</Filter>
    </ClInclude>
    <ClInclude Include="core\headers\system\window\glew.h">
      <Filter>Header Files</Filter>
    </ClInclude>
    <ClInclude Include="core\headers\system\window\glxew.h">
      <Filter>Header Files</Filter>
    </ClInclude>
    <ClInclude Include="core\headers\system\window\wglew.h">
      <Filter>Header Files</Filter>
    </ClInclude>
    <ClInclude Include="core\headers\system\window\window.h">
      <Filter>Header Files</Filter>
    </ClInclude>
    <ClInclude Include="core\headers\util\ease.h">
      <Filter>Header Files</Filter>
    </ClInclude>
    <ClInclude Include="core\headers\util\loadingUtils.h">
      <Filter>Header Files</Filter>
    </ClInclude>
    <ClInclude Include="core\headers\util\picoPNG.h">
      <Filter>Header Files</Filter>
    </ClInclude>
    <ClInclude Include="core\headers\util\platformUtils.h">
      <Filter>Header Files</Filter>
    </ClInclude>
    <ClInclude Include="core\headers\util\rapidxml.hpp">
      <Filter>Header Files</Filter>
    </ClInclude>
  </ItemGroup>
</Project>